
Microsoft Visual Studio Solution File, Format Version 12.00
# Visual Studio 15
VisualStudioVersion = 15.0.26430.12
MinimumVisualStudioVersion = 10.0.40219.1
Project("{FAE04EC0-301F-11D3-BF4B-00C04F79EFBC}") = "DDDTest.Domain", "Domain\DDDTest.Domain.csproj", "{28E66F40-80DE-4DC0-9415-76BE51C82BCA}"
EndProject
Project("{2150E333-8FDC-42A3-9474-1A3956D46DE8}") = "1-Domain", "1-Domain", "{3124959E-5A6B-4BBB-ACFF-9789C57F8083}"
EndProject
Project("{2150E333-8FDC-42A3-9474-1A3956D46DE8}") = "2-Front", "2-Front", "{6B2C9845-4DD0-42E9-B1F6-116C38ED6858}"
EndProject
Project("{2150E333-8FDC-42A3-9474-1A3956D46DE8}") = "3-Application", "3-Application", "{EBEFA0E4-BC49-4F4C-A8AB-324BD058818D}"
EndProject
Project("{2150E333-8FDC-42A3-9474-1A3956D46DE8}") = "4-Infrastructure", "4-Infrastructure", "{B0624CF7-4A4C-430F-AEAA-A23740DA6BB7}"
EndProject
Project("{2150E333-8FDC-42A3-9474-1A3956D46DE8}") = "2-1.1-WebApi", "2-1.1-WebApi", "{DB82CEBA-D96A-453E-8CDE-2E99D38946E1}"
EndProject
Project("{2150E333-8FDC-42A3-9474-1A3956D46DE8}") = "2-1.2-WebMvc", "2-1.2-WebMvc", "{E03C97A6-49FE-4705-9678-55AD828FF2BA}"
EndProject
Project("{FAE04EC0-301F-11D3-BF4B-00C04F79EFBC}") = "DDDTest.Application", "DDDTest.Application\DDDTest.Application.csproj", "{B5D6E7D4-B419-4B59-91FB-162228C84B45}"
EndProject
Project("{FAE04EC0-301F-11D3-BF4B-00C04F79EFBC}") = "DDDTest.Infrastructure", "DDDTest.Infrastructure\DDDTest.Infrastructure.csproj", "{546939E8-0AE3-4E66-90BA-177E637BA3B8}"
EndProject
Project("{FAE04EC0-301F-11D3-BF4B-00C04F79EFBC}") = "DDDTest.Repositories", "DDDTest.Repositories\DDDTest.Repositories.csproj", "{B1ACB553-9CCB-4F27-BFA4-66A33219AD82}"
EndProject
Project("{FAE04EC0-301F-11D3-BF4B-00C04F79EFBC}") = "DDDTest.Repositories.Tests", "DDDTest.Repositories.Tests\DDDTest.Repositories.Tests.csproj", "{6F8A9BF2-FE78-4C8F-9FBC-0B37B8072310}"
EndProject
Global
	GlobalSection(SolutionConfigurationPlatforms) = preSolution
		Debug|Any CPU = Debug|Any CPU
		Release|Any CPU = Release|Any CPU
	EndGlobalSection
	GlobalSection(ProjectConfigurationPlatforms) = postSolution
		{28E66F40-80DE-4DC0-9415-76BE51C82BCA}.Debug|Any CPU.ActiveCfg = Debug|Any CPU
		{28E66F40-80DE-4DC0-9415-76BE51C82BCA}.Debug|Any CPU.Build.0 = Debug|Any CPU
		{28E66F40-80DE-4DC0-9415-76BE51C82BCA}.Release|Any CPU.ActiveCfg = Release|Any CPU
		{28E66F40-80DE-4DC0-9415-76BE51C82BCA}.Release|Any CPU.Build.0 = Release|Any CPU
		{B5D6E7D4-B419-4B59-91FB-162228C84B45}.Debug|Any CPU.ActiveCfg = Debug|Any CPU
		{B5D6E7D4-B419-4B59-91FB-162228C84B45}.Debug|Any CPU.Build.0 = Debug|Any CPU
		{B5D6E7D4-B419-4B59-91FB-162228C84B45}.Release|Any CPU.ActiveCfg = Release|Any CPU
		{B5D6E7D4-B419-4B59-91FB-162228C84B45}.Release|Any CPU.Build.0 = Release|Any CPU
		{546939E8-0AE3-4E66-90BA-177E637BA3B8}.Debug|Any CPU.ActiveCfg = Debug|Any CPU
		{546939E8-0AE3-4E66-90BA-177E637BA3B8}.Debug|Any CPU.Build.0 = Debug|Any CPU
		{546939E8-0AE3-4E66-90BA-177E637BA3B8}.Release|Any CPU.ActiveCfg = Release|Any CPU
		{546939E8-0AE3-4E66-90BA-177E637BA3B8}.Release|Any CPU.Build.0 = Release|Any CPU
		{B1ACB553-9CCB-4F27-BFA4-66A33219AD82}.Debug|Any CPU.ActiveCfg = Debug|Any CPU
		{B1ACB553-9CCB-4F27-BFA4-66A33219AD82}.Debug|Any CPU.Build.0 = Debug|Any CPU
		{B1ACB553-9CCB-4F27-BFA4-66A33219AD82}.Release|Any CPU.ActiveCfg = Release|Any CPU
		{B1ACB553-9CCB-4F27-BFA4-66A33219AD82}.Release|Any CPU.Build.0 = Release|Any CPU
		{6F8A9BF2-FE78-4C8F-9FBC-0B37B8072310}.Debug|Any CPU.ActiveCfg = Debug|Any CPU
		{6F8A9BF2-FE78-4C8F-9FBC-0B37B8072310}.Debug|Any CPU.Build.0 = Debug|Any CPU
		{6F8A9BF2-FE78-4C8F-9FBC-0B37B8072310}.Release|Any CPU.ActiveCfg = Release|Any CPU
		{6F8A9BF2-FE78-4C8F-9FBC-0B37B8072310}.Release|Any CPU.Build.0 = Release|Any CPU
	EndGlobalSection
	GlobalSection(SolutionProperties) = preSolution
		HideSolutionNode = FALSE
	EndGlobalSection
	GlobalSection(NestedProjects) = preSolution
		{28E66F40-80DE-4DC0-9415-76BE51C82BCA} = {3124959E-5A6B-4BBB-ACFF-9789C57F8083}
		{DB82CEBA-D96A-453E-8CDE-2E99D38946E1} = {6B2C9845-4DD0-42E9-B1F6-116C38ED6858}
		{E03C97A6-49FE-4705-9678-55AD828FF2BA} = {6B2C9845-4DD0-42E9-B1F6-116C38ED6858}
		{B5D6E7D4-B419-4B59-91FB-162228C84B45} = {EBEFA0E4-BC49-4F4C-A8AB-324BD058818D}
		{546939E8-0AE3-4E66-90BA-177E637BA3B8} = {B0624CF7-4A4C-430F-AEAA-A23740DA6BB7}
		{B1ACB553-9CCB-4F27-BFA4-66A33219AD82} = {B0624CF7-4A4C-430F-AEAA-A23740DA6BB7}
		{6F8A9BF2-FE78-4C8F-9FBC-0B37B8072310} = {B0624CF7-4A4C-430F-AEAA-A23740DA6BB7}
	EndGlobalSection
EndGlobal
